// !$*UTF8*$!
{
	archiveVersion = 1;
	classes = {
	};
	objectVersion = 50;
	objects = {

/* Begin PBXBuildFile section */
		F899523824B989AA00B31F06 /* AppDelegate.swift in Sources */ = {isa = PBXBuildFile; fileRef = F899523724B989AA00B31F06 /* AppDelegate.swift */; };
		F899523A24B989AA00B31F06 /* SceneDelegate.swift in Sources */ = {isa = PBXBuildFile; fileRef = F899523924B989AA00B31F06 /* SceneDelegate.swift */; };
		F899523C24B989AA00B31F06 /* ViewController.swift in Sources */ = {isa = PBXBuildFile; fileRef = F899523B24B989AA00B31F06 /* ViewController.swift */; };
		F899523F24B989AA00B31F06 /* Main.storyboard in Resources */ = {isa = PBXBuildFile; fileRef = F899523D24B989AA00B31F06 /* Main.storyboard */; };
		F899524124B989B100B31F06 /* Assets.xcassets in Resources */ = {isa = PBXBuildFile; fileRef = F899524024B989B100B31F06 /* Assets.xcassets */; };
		F899524424B989B100B31F06 /* LaunchScreen.storyboard in Resources */ = {isa = PBXBuildFile; fileRef = F899524224B989B100B31F06 /* LaunchScreen.storyboard */; };
		F899524F24B989B200B31F06 /* parstagramTests.swift in Sources */ = {isa = PBXBuildFile; fileRef = F899524E24B989B200B31F06 /* parstagramTests.swift */; };
		F899525A24B989B200B31F06 /* parstagramUITests.swift in Sources */ = {isa = PBXBuildFile; fileRef = F899525924B989B200B31F06 /* parstagramUITests.swift */; };
/* End PBXBuildFile section */

/* Begin PBXContainerItemProxy section */
		F899524B24B989B200B31F06 /* PBXContainerItemProxy */ = {
			isa = PBXContainerItemProxy;
			containerPortal = F899522C24B989A900B31F06 /* Project object */;
			proxyType = 1;
			remoteGlobalIDString = F899523324B989AA00B31F06;
			remoteInfo = parstagram;
		};
		F899525624B989B200B31F06 /* PBXContainerItemProxy */ = {
			isa = PBXContainerItemProxy;
			containerPortal = F899522C24B989A900B31F06 /* Project object */;
			proxyType = 1;
			remoteGlobalIDString = F899523324B989AA00B31F06;
			remoteInfo = parstagram;
		};
/* End PBXContainerItemProxy section */

/* Begin PBXFileReference section */
		F899523424B989AA00B31F06 /* parstagram.app */ = {isa = PBXFileReference; explicitFileType = wrapper.application; includeInIndex = 0; path = parstagram.app; sourceTree = BUILT_PRODUCTS_DIR; };
		F899523724B989AA00B31F06 /* AppDelegate.swift */ = {isa = PBXFileReference; lastKnownFileType = sourcecode.swift; path = AppDelegate.swift; sourceTree = "<group>"; };
		F899523924B989AA00B31F06 /* SceneDelegate.swift */ = {isa = PBXFileReference; lastKnownFileType = sourcecode.swift; path = SceneDelegate.swift; sourceTree = "<group>"; };
		F899523B24B989AA00B31F06 /* ViewController.swift */ = {isa = PBXFileReference; lastKnownFileType = sourcecode.swift; path = ViewController.swift; sourceTree = "<group>"; };
		F899523E24B989AA00B31F06 /* Base */ = {isa = PBXFileReference; lastKnownFileType = file.storyboard; name = Base; path = Base.lproj/Main.storyboard; sourceTree = "<group>"; };
		F899524024B989B100B31F06 /* Assets.xcassets */ = {isa = PBXFileReference; lastKnownFileType = folder.assetcatalog; path = Assets.xcassets; sourceTree = "<group>"; };
		F899524324B989B100B31F06 /* Base */ = {isa = PBXFileReference; lastKnownFileType = file.storyboard; name = Base; path = Base.lproj/LaunchScreen.storyboard; sourceTree = "<group>"; };
		F899524524B989B200B31F06 /* Info.plist */ = {isa = PBXFileReference; lastKnownFileType = text.plist.xml; path = Info.plist; sourceTree = "<group>"; };
		F899524A24B989B200B31F06 /* parstagramTests.xctest */ = {isa = PBXFileReference; explicitFileType = wrapper.cfbundle; includeInIndex = 0; path = parstagramTests.xctest; sourceTree = BUILT_PRODUCTS_DIR; };
		F899524E24B989B200B31F06 /* parstagramTests.swift */ = {isa = PBXFileReference; lastKnownFileType = sourcecode.swift; path = parstagramTests.swift; sourceTree = "<group>"; };
		F899525024B989B200B31F06 /* Info.plist */ = {isa = PBXFileReference; lastKnownFileType = text.plist.xml; path = Info.plist; sourceTree = "<group>"; };
		F899525524B989B200B31F06 /* parstagramUITests.xctest */ = {isa = PBXFileReference; explicitFileType = wrapper.cfbundle; includeInIndex = 0; path = parstagramUITests.xctest; sourceTree = BUILT_PRODUCTS_DIR; };
		F899525924B989B200B31F06 /* parstagramUITests.swift */ = {isa = PBXFileReference; lastKnownFileType = sourcecode.swift; path = parstagramUITests.swift; sourceTree = "<group>"; };
		F899525B24B989B200B31F06 /* Info.plist */ = {isa = PBXFileReference; lastKnownFileType = text.plist.xml; path = Info.plist; sourceTree = "<group>"; };
/* End PBXFileReference section */

/* Begin PBXFrameworksBuildPhase section */
		F899523124B989AA00B31F06 /* Frameworks */ = {
			isa = PBXFrameworksBuildPhase;
			buildActionMask = 2147483647;
			files = (
			);
			runOnlyForDeploymentPostprocessing = 0;
		};
		F899524724B989B200B31F06 /* Frameworks */ = {
			isa = PBXFrameworksBuildPhase;
			buildActionMask = 2147483647;
			files = (
			);
			runOnlyForDeploymentPostprocessing = 0;
		};
		F899525224B989B200B31F06 /* Frameworks */ = {
			isa = PBXFrameworksBuildPhase;
			buildActionMask = 2147483647;
			files = (
			);
			runOnlyForDeploymentPostprocessing = 0;
		};
/* End PBXFrameworksBuildPhase section */

/* Begin PBXGroup section */
		F899522B24B989A900B31F06 = {
			isa = PBXGroup;
			children = (
				F899523624B989AA00B31F06 /* parstagram */,
				F899524D24B989B200B31F06 /* parstagramTests */,
				F899525824B989B200B31F06 /* parstagramUITests */,
				F899523524B989AA00B31F06 /* Products */,
			);
			sourceTree = "<group>";
		};
		F899523524B989AA00B31F06 /* Products */ = {
			isa = PBXGroup;
			children = (
				F899523424B989AA00B31F06 /* parstagram.app */,
				F899524A24B989B200B31F06 /* parstagramTests.xctest */,
				F899525524B989B200B31F06 /* parstagramUITests.xctest */,
			);
			name = Products;
			sourceTree = "<group>";
		};
		F899523624B989AA00B31F06 /* parstagram */ = {
			isa = PBXGroup;
			children = (
				F899523724B989AA00B31F06 /* AppDelegate.swift */,
				F899523924B989AA00B31F06 /* SceneDelegate.swift */,
				F899523B24B989AA00B31F06 /* ViewController.swift */,
				F899523D24B989AA00B31F06 /* Main.storyboard */,
				F899524024B989B100B31F06 /* Assets.xcassets */,
				F899524224B989B100B31F06 /* LaunchScreen.storyboard */,
				F899524524B989B200B31F06 /* Info.plist */,
			);
			path = parstagram;
			sourceTree = "<group>";
		};
		F899524D24B989B200B31F06 /* parstagramTests */ = {
			isa = PBXGroup;
			children = (
				F899524E24B989B200B31F06 /* parstagramTests.swift */,
				F899525024B989B200B31F06 /* Info.plist */,
			);
			path = parstagramTests;
			sourceTree = "<group>";
		};
		F899525824B989B200B31F06 /* parstagramUITests */ = {
			isa = PBXGroup;
			children = (
				F899525924B989B200B31F06 /* parstagramUITests.swift */,
				F899525B24B989B200B31F06 /* Info.plist */,
			);
			path = parstagramUITests;
			sourceTree = "<group>";
		};
/* End PBXGroup section */

/* Begin PBXNativeTarget section */
		F899523324B989AA00B31F06 /* parstagram */ = {
			isa = PBXNativeTarget;
			buildConfigurationList = F899525E24B989B200B31F06 /* Build configuration list for PBXNativeTarget "parstagram" */;
			buildPhases = (
				F899523024B989AA00B31F06 /* Sources */,
				F899523124B989AA00B31F06 /* Frameworks */,
				F899523224B989AA00B31F06 /* Resources */,
			);
			buildRules = (
			);
			dependencies = (
			);
			name = parstagram;
			productName = parstagram;
			productReference = F899523424B989AA00B31F06 /* parstagram.app */;
			productType = "com.apple.product-type.application";
		};
		F899524924B989B200B31F06 /* parstagramTests */ = {
			isa = PBXNativeTarget;
			buildConfigurationList = F899526124B989B200B31F06 /* Build configuration list for PBXNativeTarget "parstagramTests" */;
			buildPhases = (
				F899524624B989B200B31F06 /* Sources */,
				F899524724B989B200B31F06 /* Frameworks */,
				F899524824B989B200B31F06 /* Resources */,
			);
			buildRules = (
			);
			dependencies = (
				F899524C24B989B200B31F06 /* PBXTargetDependency */,
			);
			name = parstagramTests;
			productName = parstagramTests;
			productReference = F899524A24B989B200B31F06 /* parstagramTests.xctest */;
			productType = "com.apple.product-type.bundle.unit-test";
		};
		F899525424B989B200B31F06 /* parstagramUITests */ = {
			isa = PBXNativeTarget;
			buildConfigurationList = F899526424B989B200B31F06 /* Build configuration list for PBXNativeTarget "parstagramUITests" */;
			buildPhases = (
				F899525124B989B200B31F06 /* Sources */,
				F899525224B989B200B31F06 /* Frameworks */,
				F899525324B989B200B31F06 /* Resources */,
			);
			buildRules = (
			);
			dependencies = (
				F899525724B989B200B31F06 /* PBXTargetDependency */,
			);
			name = parstagramUITests;
			productName = parstagramUITests;
			productReference = F899525524B989B200B31F06 /* parstagramUITests.xctest */;
			productType = "com.apple.product-type.bundle.ui-testing";
		};
/* End PBXNativeTarget section */

/* Begin PBXProject section */
		F899522C24B989A900B31F06 /* Project object */ = {
			isa = PBXProject;
			attributes = {
				LastSwiftUpdateCheck = 1140;
				LastUpgradeCheck = 1140;
				ORGANIZATIONNAME = "Pooja Yadav";
				TargetAttributes = {
					F899523324B989AA00B31F06 = {
						CreatedOnToolsVersion = 11.4.1;
					};
					F899524924B989B200B31F06 = {
						CreatedOnToolsVersion = 11.4.1;
						TestTargetID = F899523324B989AA00B31F06;
					};
					F899525424B989B200B31F06 = {
						CreatedOnToolsVersion = 11.4.1;
						TestTargetID = F899523324B989AA00B31F06;
					};
				};
			};
			buildConfigurationList = F899522F24B989A900B31F06 /* Build configuration list for PBXProject "parstagram" */;
			compatibilityVersion = "Xcode 9.3";
			developmentRegion = en;
			hasScannedForEncodings = 0;
			knownRegions = (
				en,
				Base,
			);
			mainGroup = F899522B24B989A900B31F06;
			productRefGroup = F899523524B989AA00B31F06 /* Products */;
			projectDirPath = "";
			projectRoot = "";
			targets = (
				F899523324B989AA00B31F06 /* parstagram */,
				F899524924B989B200B31F06 /* parstagramTests */,
				F899525424B989B200B31F06 /* parstagramUITests */,
			);
		};
/* End PBXProject section */

/* Begin PBXResourcesBuildPhase section */
		F899523224B989AA00B31F06 /* Resources */ = {
			isa = PBXResourcesBuildPhase;
			buildActionMask = 2147483647;
			files = (
				F899524424B989B100B31F06 /* LaunchScreen.storyboard in Resources */,
				F899524124B989B100B31F06 /* Assets.xcassets in Resources */,
				F899523F24B989AA00B31F06 /* Main.storyboard in Resources */,
			);
			runOnlyForDeploymentPostprocessing = 0;
		};
		F899524824B989B200B31F06 /* Resources */ = {
			isa = PBXResourcesBuildPhase;
			buildActionMask = 2147483647;
			files = (
			);
			runOnlyForDeploymentPostprocessing = 0;
		};
		F899525324B989B200B31F06 /* Resources */ = {
			isa = PBXResourcesBuildPhase;
			buildActionMask = 2147483647;
			files = (
			);
			runOnlyForDeploymentPostprocessing = 0;
		};
/* End PBXResourcesBuildPhase section */

/* Begin PBXSourcesBuildPhase section */
		F899523024B989AA00B31F06 /* Sources */ = {
			isa = PBXSourcesBuildPhase;
			buildActionMask = 2147483647;
			files = (
				F899523C24B989AA00B31F06 /* ViewController.swift in Sources */,
				F899523824B989AA00B31F06 /* AppDelegate.swift in Sources */,
				F899523A24B989AA00B31F06 /* SceneDelegate.swift in Sources */,
			);
			runOnlyForDeploymentPostprocessing = 0;
		};
		F899524624B989B200B31F06 /* Sources */ = {
			isa = PBXSourcesBuildPhase;
			buildActionMask = 2147483647;
			files = (
				F899524F24B989B200B31F06 /* parstagramTests.swift in Sources */,
			);
			runOnlyForDeploymentPostprocessing = 0;
		};
		F899525124B989B200B31F06 /* Sources */ = {
			isa = PBXSourcesBuildPhase;
			buildActionMask = 2147483647;
			files = (
				F899525A24B989B200B31F06 /* parstagramUITests.swift in Sources */,
			);
			runOnlyForDeploymentPostprocessing = 0;
		};
/* End PBXSourcesBuildPhase section */

/* Begin PBXTargetDependency section */
		F899524C24B989B200B31F06 /* PBXTargetDependency */ = {
			isa = PBXTargetDependency;
			target = F899523324B989AA00B31F06 /* parstagram */;
			targetProxy = F899524B24B989B200B31F06 /* PBXContainerItemProxy */;
		};
		F899525724B989B200B31F06 /* PBXTargetDependency */ = {
			isa = PBXTargetDependency;
			target = F899523324B989AA00B31F06 /* parstagram */;
			targetProxy = F899525624B989B200B31F06 /* PBXContainerItemProxy */;
		};
/* End PBXTargetDependency section */

/* Begin PBXVariantGroup section */
		F899523D24B989AA00B31F06 /* Main.storyboard */ = {
			isa = PBXVariantGroup;
			children = (
				F899523E24B989AA00B31F06 /* Base */,
			);
			name = Main.storyboard;
			sourceTree = "<group>";
		};
		F899524224B989B100B31F06 /* LaunchScreen.storyboard */ = {
			isa = PBXVariantGroup;
			children = (
				F899524324B989B100B31F06 /* Base */,
			);
			name = LaunchScreen.storyboard;
			sourceTree = "<group>";
		};
/* End PBXVariantGroup section */

/* Begin XCBuildConfiguration section */
		F899525C24B989B200B31F06 /* Debug */ = {
			isa = XCBuildConfiguration;
			buildSettings = {
				ALWAYS_SEARCH_USER_PATHS = NO;
				CLANG_ANALYZER_NONNULL = YES;
				CLANG_ANALYZER_NUMBER_OBJECT_CONVERSION = YES_AGGRESSIVE;
				CLANG_CXX_LANGUAGE_STANDARD = "gnu++14";
				CLANG_CXX_LIBRARY = "libc++";
				CLANG_ENABLE_MODULES = YES;
				CLANG_ENABLE_OBJC_ARC = YES;
				CLANG_ENABLE_OBJC_WEAK = YES;
				CLANG_WARN_BLOCK_CAPTURE_AUTORELEASING = YES;
				CLANG_WARN_BOOL_CONVERSION = YES;
				CLANG_WARN_COMMA = YES;
				CLANG_WARN_CONSTANT_CONVERSION = YES;
				CLANG_WARN_DEPRECATED_OBJC_IMPLEMENTATIONS = YES;
				CLANG_WARN_DIRECT_OBJC_ISA_USAGE = YES_ERROR;
				CLANG_WARN_DOCUMENTATION_COMMENTS = YES;
				CLANG_WARN_EMPTY_BODY = YES;
				CLANG_WARN_ENUM_CONVERSION = YES;
				CLANG_WARN_INFINITE_RECURSION = YES;
				CLANG_WARN_INT_CONVERSION = YES;
				CLANG_WARN_NON_LITERAL_NULL_CONVERSION = YES;
				CLANG_WARN_OBJC_IMPLICIT_RETAIN_SELF = YES;
				CLANG_WARN_OBJC_LITERAL_CONVERSION = YES;
				CLANG_WARN_OBJC_ROOT_CLASS = YES_ERROR;
				CLANG_WARN_RANGE_LOOP_ANALYSIS = YES;
				CLANG_WARN_STRICT_PROTOTYPES = YES;
				CLANG_WARN_SUSPICIOUS_MOVE = YES;
				CLANG_WARN_UNGUARDED_AVAILABILITY = YES_AGGRESSIVE;
				CLANG_WARN_UNREACHABLE_CODE = YES;
				CLANG_WARN__DUPLICATE_METHOD_MATCH = YES;
				COPY_PHASE_STRIP = NO;
				DEBUG_INFORMATION_FORMAT = dwarf;
				ENABLE_STRICT_OBJC_MSGSEND = YES;
				ENABLE_TESTABILITY = YES;
				GCC_C_LANGUAGE_STANDARD = gnu11;
				GCC_DYNAMIC_NO_PIC = NO;
				GCC_NO_COMMON_BLOCKS = YES;
				GCC_OPTIMIZATION_LEVEL = 0;
				GCC_PREPROCESSOR_DEFINITIONS = (
					"DEBUG=1",
					"$(inherited)",
				);
				GCC_WARN_64_TO_32_BIT_CONVERSION = YES;
				GCC_WARN_ABOUT_RETURN_TYPE = YES_ERROR;
				GCC_WARN_UNDECLARED_SELECTOR = YES;
				GCC_WARN_UNINITIALIZED_AUTOS = YES_AGGRESSIVE;
				GCC_WARN_UNUSED_FUNCTION = YES;
				GCC_WARN_UNUSED_VARIABLE = YES;
				IPHONEOS_DEPLOYMENT_TARGET = 13.4;
				MTL_ENABLE_DEBUG_INFO = INCLUDE_SOURCE;
				MTL_FAST_MATH = YES;
				ONLY_ACTIVE_ARCH = YES;
				SDKROOT = iphoneos;
				SWIFT_ACTIVE_COMPILATION_CONDITIONS = DEBUG;
				SWIFT_OPTIMIZATION_LEVEL = "-Onone";
			};
			name = Debug;
		};
		F899525D24B989B200B31F06 /* Release */ = {
			isa = XCBuildConfiguration;
			buildSettings = {
				ALWAYS_SEARCH_USER_PATHS = NO;
				CLANG_ANALYZER_NONNULL = YES;
				CLANG_ANALYZER_NUMBER_OBJECT_CONVERSION = YES_AGGRESSIVE;
				CLANG_CXX_LANGUAGE_STANDARD = "gnu++14";
				CLANG_CXX_LIBRARY = "libc++";
				CLANG_ENABLE_MODULES = YES;
				CLANG_ENABLE_OBJC_ARC = YES;
				CLANG_ENABLE_OBJC_WEAK = YES;
				CLANG_WARN_BLOCK_CAPTURE_AUTORELEASING = YES;
				CLANG_WARN_BOOL_CONVERSION = YES;
				CLANG_WARN_COMMA = YES;
				CLANG_WARN_CONSTANT_CONVERSION = YES;
				CLANG_WARN_DEPRECATED_OBJC_IMPLEMENTATIONS = YES;
				CLANG_WARN_DIRECT_OBJC_ISA_USAGE = YES_ERROR;
				CLANG_WARN_DOCUMENTATION_COMMENTS = YES;
				CLANG_WARN_EMPTY_BODY = YES;
				CLANG_WARN_ENUM_CONVERSION = YES;
				CLANG_WARN_INFINITE_RECURSION = YES;
				CLANG_WARN_INT_CONVERSION = YES;
				CLANG_WARN_NON_LITERAL_NULL_CONVERSION = YES;
				CLANG_WARN_OBJC_IMPLICIT_RETAIN_SELF = YES;
				CLANG_WARN_OBJC_LITERAL_CONVERSION = YES;
				CLANG_WARN_OBJC_ROOT_CLASS = YES_ERROR;
				CLANG_WARN_RANGE_LOOP_ANALYSIS = YES;
				CLANG_WARN_STRICT_PROTOTYPES = YES;
				CLANG_WARN_SUSPICIOUS_MOVE = YES;
				CLANG_WARN_UNGUARDED_AVAILABILITY = YES_AGGRESSIVE;
				CLANG_WARN_UNREACHABLE_CODE = YES;
				CLANG_WARN__DUPLICATE_METHOD_MATCH = YES;
				COPY_PHASE_STRIP = NO;
				DEBUG_INFORMATION_FORMAT = "dwarf-with-dsym";
				ENABLE_NS_ASSERTIONS = NO;
				ENABLE_STRICT_OBJC_MSGSEND = YES;
				GCC_C_LANGUAGE_STANDARD = gnu11;
				GCC_NO_COMMON_BLOCKS = YES;
				GCC_WARN_64_TO_32_BIT_CONVERSION = YES;
				GCC_WARN_ABOUT_RETURN_TYPE = YES_ERROR;
				GCC_WARN_UNDECLARED_SELECTOR = YES;
				GCC_WARN_UNINITIALIZED_AUTOS = YES_AGGRESSIVE;
				GCC_WARN_UNUSED_FUNCTION = YES;
				GCC_WARN_UNUSED_VARIABLE = YES;
				IPHONEOS_DEPLOYMENT_TARGET = 13.4;
				MTL_ENABLE_DEBUG_INFO = NO;
				MTL_FAST_MATH = YES;
				SDKROOT = iphoneos;
				SWIFT_COMPILATION_MODE = wholemodule;
				SWIFT_OPTIMIZATION_LEVEL = "-O";
				VALIDATE_PRODUCT = YES;
			};
			name = Release;
		};
		F899525F24B989B200B31F06 /* Debug */ = {
			isa = XCBuildConfiguration;
			buildSettings = {
				ASSETCATALOG_COMPILER_APPICON_NAME = AppIcon;
				CODE_SIGN_STYLE = Automatic;
				INFOPLIST_FILE = parstagram/Info.plist;
				LD_RUNPATH_SEARCH_PATHS = (
					"$(inherited)",
					"@executable_path/Frameworks",
				);
				PRODUCT_BUNDLE_IDENTIFIER = com.poojayadav.parstagram;
				PRODUCT_NAME = "$(TARGET_NAME)";
				SWIFT_VERSION = 5.0;
				TARGETED_DEVICE_FAMILY = "1,2";
			};
			name = Debug;
		};
		F899526024B989B200B31F06 /* Release */ = {
			isa = XCBuildConfiguration;
			buildSettings = {
				ASSETCATALOG_COMPILER_APPICON_NAME = AppIcon;
				CODE_SIGN_STYLE = Automatic;
				INFOPLIST_FILE = parstagram/Info.plist;
				LD_RUNPATH_SEARCH_PATHS = (
					"$(inherited)",
					"@executable_path/Frameworks",
				);
				PRODUCT_BUNDLE_IDENTIFIER = com.poojayadav.parstagram;
				PRODUCT_NAME = "$(TARGET_NAME)";
				SWIFT_VERSION = 5.0;
				TARGETED_DEVICE_FAMILY = "1,2";
			};
			name = Release;
		};
		F899526224B989B200B31F06 /* Debug */ = {
			isa = XCBuildConfiguration;
			buildSettings = {
				ALWAYS_EMBED_SWIFT_STANDARD_LIBRARIES = YES;
				BUNDLE_LOADER = "$(TEST_HOST)";
				CODE_SIGN_STYLE = Automatic;
				INFOPLIST_FILE = parstagramTests/Info.plist;
				IPHONEOS_DEPLOYMENT_TARGET = 13.4;
				LD_RUNPATH_SEARCH_PATHS = (
					"$(inherited)",
					"@executable_path/Frameworks",
					"@loader_path/Frameworks",
				);
				PRODUCT_BUNDLE_IDENTIFIER = com.poojayadav.parstagramTests;
				PRODUCT_NAME = "$(TARGET_NAME)";
				SWIFT_VERSION = 5.0;
				TARGETED_DEVICE_FAMILY = "1,2";
				TEST_HOST = "$(BUILT_PRODUCTS_DIR)/parstagram.app/parstagram";
			};
			name = Debug;
		};
		F899526324B989B200B31F06 /* Release */ = {
			isa = XCBuildConfiguration;
			buildSettings = {
				ALWAYS_EMBED_SWIFT_STANDARD_LIBRARIES = YES;
				BUNDLE_LOADER = "$(TEST_HOST)";
				CODE_SIGN_STYLE = Automatic;
				INFOPLIST_FILE = parstagramTests/Info.plist;
				IPHONEOS_DEPLOYMENT_TARGET = 13.4;
				LD_RUNPATH_SEARCH_PATHS = (
					"$(inherited)",
					"@executable_path/Frameworks",
					"@loader_path/Frameworks",
				);
				PRODUCT_BUNDLE_IDENTIFIER = com.poojayadav.parstagramTests;
				PRODUCT_NAME = "$(TARGET_NAME)";
				SWIFT_VERSION = 5.0;
				TARGETED_DEVICE_FAMILY = "1,2";
				TEST_HOST = "$(BUILT_PRODUCTS_DIR)/parstagram.app/parstagram";
			};
			name = Release;
		};
		F899526524B989B200B31F06 /* Debug */ = {
			isa = XCBuildConfiguration;
			buildSettings = {
				ALWAYS_EMBED_SWIFT_STANDARD_LIBRARIES = YES;
				CODE_SIGN_STYLE = Automatic;
				INFOPLIST_FILE = parstagramUITests/Info.plist;
				LD_RUNPATH_SEARCH_PATHS = (
					"$(inherited)",
					"@executable_path/Frameworks",
					"@loader_path/Frameworks",
				);
				PRODUCT_BUNDLE_IDENTIFIER = com.poojayadav.parstagramUITests;
				PRODUCT_NAME = "$(TARGET_NAME)";
				SWIFT_VERSION = 5.0;
				TARGETED_DEVICE_FAMILY = "1,2";
				TEST_TARGET_NAME = parstagram;
			};
			name = Debug;
		};
		F899526624B989B200B31F06 /* Release */ = {
			isa = XCBuildConfiguration;
			buildSettings = {
				ALWAYS_EMBED_SWIFT_STANDARD_LIBRARIES = YES;
				CODE_SIGN_STYLE = Automatic;
				INFOPLIST_FILE = parstagramUITests/Info.plist;
				LD_RUNPATH_SEARCH_PATHS = (
					"$(inherited)",
					"@executable_path/Frameworks",
					"@loader_path/Frameworks",
				);
				PRODUCT_BUNDLE_IDENTIFIER = com.poojayadav.parstagramUITests;
				PRODUCT_NAME = "$(TARGET_NAME)";
				SWIFT_VERSION = 5.0;
				TARGETED_DEVICE_FAMILY = "1,2";
				TEST_TARGET_NAME = parstagram;
			};
			name = Release;
		};
/* End XCBuildConfiguration section */

/* Begin XCConfigurationList section */
		F899522F24B989A900B31F06 /* Build configuration list for PBXProject "parstagram" */ = {
			isa = XCConfigurationList;
			buildConfigurations = (
				F899525C24B989B200B31F06 /* Debug */,
				F899525D24B989B200B31F06 /* Release */,
			);
			defaultConfigurationIsVisible = 0;
			defaultConfigurationName = Release;
		};
		F899525E24B989B200B31F06 /* Build configuration list for PBXNativeTarget "parstagram" */ = {
			isa = XCConfigurationList;
			buildConfigurations = (
				F899525F24B989B200B31F06 /* Debug */,
				F899526024B989B200B31F06 /* Release */,
			);
			defaultConfigurationIsVisible = 0;
			defaultConfigurationName = Release;
		};
		F899526124B989B200B31F06 /* Build configuration list for PBXNativeTarget "parstagramTests" */ = {
			isa = XCConfigurationList;
			buildConfigurations = (
				F899526224B989B200B31F06 /* Debug */,
				F899526324B989B200B31F06 /* Release */,
			);
			defaultConfigurationIsVisible = 0;
			defaultConfigurationName = Release;
		};
		F899526424B989B200B31F06 /* Build configuration list for PBXNativeTarget "parstagramUITests" */ = {
			isa = XCConfigurationList;
			buildConfigurations = (
				F899526524B989B200B31F06 /* Debug */,
				F899526624B989B200B31F06 /* Release */,
			);
			defaultConfigurationIsVisible = 0;
			defaultConfigurationName = Release;
		};
/* End XCConfigurationList section */
	};
	rootObject = F899522C24B989A900B31F06 /* Project object */;
}
